// !$*UTF8*$!
{
	archiveVersion = 1;
	classes = {
	};
	objectVersion = 55;
	objects = {

/* Begin PBXBuildFile section */
		2E075293271CF169008CC5AB /* AppDelegate.swift in Sources */ = {isa = PBXBuildFile; fileRef = 2E075292271CF169008CC5AB /* AppDelegate.swift */; };
		2E075295271CF169008CC5AB /* SceneDelegate.swift in Sources */ = {isa = PBXBuildFile; fileRef = 2E075294271CF169008CC5AB /* SceneDelegate.swift */; };
		2E075297271CF169008CC5AB /* HomeViewController.swift in Sources */ = {isa = PBXBuildFile; fileRef = 2E075296271CF169008CC5AB /* HomeViewController.swift */; };
		2E07529C271CF16D008CC5AB /* Assets.xcassets in Resources */ = {isa = PBXBuildFile; fileRef = 2E07529B271CF16D008CC5AB /* Assets.xcassets */; };
		2E07529F271CF16D008CC5AB /* LaunchScreen.storyboard in Resources */ = {isa = PBXBuildFile; fileRef = 2E07529D271CF16D008CC5AB /* LaunchScreen.storyboard */; };
		2E247673271E263600FDEB09 /* NewReleaseCollectionViewCell.swift in Sources */ = {isa = PBXBuildFile; fileRef = 2E247672271E263600FDEB09 /* NewReleaseCollectionViewCell.swift */; };
		2E247675271E266B00FDEB09 /* FeaturedPlaylistCollectionViewCell.swift in Sources */ = {isa = PBXBuildFile; fileRef = 2E247674271E266B00FDEB09 /* FeaturedPlaylistCollectionViewCell.swift */; };
		2E247677271E26A500FDEB09 /* RecommendedTrackCollectionViewCell.swift in Sources */ = {isa = PBXBuildFile; fileRef = 2E247676271E26A500FDEB09 /* RecommendedTrackCollectionViewCell.swift */; };
		2E5F35F4271EE81C009F95C5 /* FeaturedPlaylistCellViewModel.swift in Sources */ = {isa = PBXBuildFile; fileRef = 2E5F35F3271EE81C009F95C5 /* FeaturedPlaylistCellViewModel.swift */; };
		2E5F35F6271EE866009F95C5 /* RecommendedTrackCellViewModel.swift in Sources */ = {isa = PBXBuildFile; fileRef = 2E5F35F5271EE866009F95C5 /* RecommendedTrackCellViewModel.swift */; };
		2E5F35F8271F3F5F009F95C5 /* AlbumViewController.swift in Sources */ = {isa = PBXBuildFile; fileRef = 2E5F35F7271F3F5E009F95C5 /* AlbumViewController.swift */; };
		2E5F36262720756E009F95C5 /* ExplicitContent.swift in Sources */ = {isa = PBXBuildFile; fileRef = 2E5F35FE2720756C009F95C5 /* ExplicitContent.swift */; };
		2E5F36272720756E009F95C5 /* Image.swift in Sources */ = {isa = PBXBuildFile; fileRef = 2E5F35FF2720756C009F95C5 /* Image.swift */; };
		2E5F36282720756E009F95C5 /* Followers.swift in Sources */ = {isa = PBXBuildFile; fileRef = 2E5F36002720756C009F95C5 /* Followers.swift */; };
		2E5F36292720756E009F95C5 /* ExternalUrls.swift in Sources */ = {isa = PBXBuildFile; fileRef = 2E5F36012720756C009F95C5 /* ExternalUrls.swift */; };
		2E5F362A2720756E009F95C5 /* FeaturedPlaylists.swift in Sources */ = {isa = PBXBuildFile; fileRef = 2E5F36022720756C009F95C5 /* FeaturedPlaylists.swift */; };
		2E5F362B2720756E009F95C5 /* PlaylistsItem.swift in Sources */ = {isa = PBXBuildFile; fileRef = 2E5F36032720756C009F95C5 /* PlaylistsItem.swift */; };
		2E5F362C2720756E009F95C5 /* NewReleases.swift in Sources */ = {isa = PBXBuildFile; fileRef = 2E5F36042720756C009F95C5 /* NewReleases.swift */; };
		2E5F362D2720756E009F95C5 /* GetCurrentProfile.swift in Sources */ = {isa = PBXBuildFile; fileRef = 2E5F36052720756C009F95C5 /* GetCurrentProfile.swift */; };
		2E5F362E2720756E009F95C5 /* Albums.swift in Sources */ = {isa = PBXBuildFile; fileRef = 2E5F36062720756C009F95C5 /* Albums.swift */; };
		2E5F362F2720756E009F95C5 /* User.swift in Sources */ = {isa = PBXBuildFile; fileRef = 2E5F36072720756D009F95C5 /* User.swift */; };
		2E5F36302720756E009F95C5 /* JSONSchemaSupport.swift in Sources */ = {isa = PBXBuildFile; fileRef = 2E5F36082720756D009F95C5 /* JSONSchemaSupport.swift */; };
		2E5F36312720756E009F95C5 /* Recommendations.swift in Sources */ = {isa = PBXBuildFile; fileRef = 2E5F36092720756D009F95C5 /* Recommendations.swift */; };
		2E5F36322720756E009F95C5 /* AlbumElement.swift in Sources */ = {isa = PBXBuildFile; fileRef = 2E5F360A2720756D009F95C5 /* AlbumElement.swift */; };
		2E5F36342720756E009F95C5 /* Owner.swift in Sources */ = {isa = PBXBuildFile; fileRef = 2E5F360C2720756D009F95C5 /* Owner.swift */; };
		2E5F36352720756E009F95C5 /* Tracks.swift in Sources */ = {isa = PBXBuildFile; fileRef = 2E5F360D2720756D009F95C5 /* Tracks.swift */; };
		2E5F36362720756E009F95C5 /* GetAlbumsExternalids.swift in Sources */ = {isa = PBXBuildFile; fileRef = 2E5F360E2720756D009F95C5 /* GetAlbumsExternalids.swift */; };
		2E5F36372720756E009F95C5 /* Artist.swift in Sources */ = {isa = PBXBuildFile; fileRef = 2E5F360F2720756D009F95C5 /* Artist.swift */; };
		2E5F36382720756E009F95C5 /* Copyright.swift in Sources */ = {isa = PBXBuildFile; fileRef = 2E5F36102720756D009F95C5 /* Copyright.swift */; };
		2E5F36392720756E009F95C5 /* ReleaseDatePrecision.swift in Sources */ = {isa = PBXBuildFile; fileRef = 2E5F36112720756D009F95C5 /* ReleaseDatePrecision.swift */; };
		2E5F363A2720756E009F95C5 /* Externalids.swift in Sources */ = {isa = PBXBuildFile; fileRef = 2E5F36122720756D009F95C5 /* Externalids.swift */; };
		2E5F363C2720756E009F95C5 /* ArtistType.swift in Sources */ = {isa = PBXBuildFile; fileRef = 2E5F36142720756D009F95C5 /* ArtistType.swift */; };
		2E5F363D2720756E009F95C5 /* Playlists.swift in Sources */ = {isa = PBXBuildFile; fileRef = 2E5F36152720756D009F95C5 /* Playlists.swift */; };
		2E5F363E2720756E009F95C5 /* PurpleType.swift in Sources */ = {isa = PBXBuildFile; fileRef = 2E5F36162720756D009F95C5 /* PurpleType.swift */; };
		2E5F363F2720756E009F95C5 /* Seed.swift in Sources */ = {isa = PBXBuildFile; fileRef = 2E5F36172720756D009F95C5 /* Seed.swift */; };
		2E5F36402720756E009F95C5 /* GetAlbums.swift in Sources */ = {isa = PBXBuildFile; fileRef = 2E5F36182720756D009F95C5 /* GetAlbums.swift */; };
		2E5F36412720756E009F95C5 /* AuthResponse.swift in Sources */ = {isa = PBXBuildFile; fileRef = 2E5F36192720756D009F95C5 /* AuthResponse.swift */; };
		2E5F36422720756E009F95C5 /* Track.swift in Sources */ = {isa = PBXBuildFile; fileRef = 2E5F361A2720756D009F95C5 /* Track.swift */; };
		2E5F36442720756E009F95C5 /* AlbumTypeEnum.swift in Sources */ = {isa = PBXBuildFile; fileRef = 2E5F361C2720756D009F95C5 /* AlbumTypeEnum.swift */; };
		2E5F36452720756E009F95C5 /* TrackExternalids.swift in Sources */ = {isa = PBXBuildFile; fileRef = 2E5F361D2720756D009F95C5 /* TrackExternalids.swift */; };
		2E5F36462720756E009F95C5 /* SettingsModel.swift in Sources */ = {isa = PBXBuildFile; fileRef = 2E5F361E2720756D009F95C5 /* SettingsModel.swift */; };
		2E5F36472720756E009F95C5 /* GetArtist.swift in Sources */ = {isa = PBXBuildFile; fileRef = 2E5F361F2720756D009F95C5 /* GetArtist.swift */; };
		2E5F36482720756E009F95C5 /* TrackType.swift in Sources */ = {isa = PBXBuildFile; fileRef = 2E5F36202720756D009F95C5 /* TrackType.swift */; };
		2E5F36492720756E009F95C5 /* DisplayName.swift in Sources */ = {isa = PBXBuildFile; fileRef = 2E5F36212720756D009F95C5 /* DisplayName.swift */; };
		2E5F364A2720756E009F95C5 /* GenreSeeds.swift in Sources */ = {isa = PBXBuildFile; fileRef = 2E5F36222720756D009F95C5 /* GenreSeeds.swift */; };
		2E5F364B2720756E009F95C5 /* RecommendedGenresResponse.swift in Sources */ = {isa = PBXBuildFile; fileRef = 2E5F36232720756D009F95C5 /* RecommendedGenresResponse.swift */; };
		2E5F364C2720756E009F95C5 /* OwnerType.swift in Sources */ = {isa = PBXBuildFile; fileRef = 2E5F36242720756E009F95C5 /* OwnerType.swift */; };
		2E8B2DEF271E2E64002BC5C0 /* NewReleasesCellViewModel.swift in Sources */ = {isa = PBXBuildFile; fileRef = 2E8B2DEE271E2E64002BC5C0 /* NewReleasesCellViewModel.swift */; };
		2EA344F1271CF549008CE5C7 /* TabBarViewController.swift in Sources */ = {isa = PBXBuildFile; fileRef = 2EA344F0271CF549008CE5C7 /* TabBarViewController.swift */; };
		2EA344F3271CF568008CE5C7 /* SearchViewController.swift in Sources */ = {isa = PBXBuildFile; fileRef = 2EA344F2271CF568008CE5C7 /* SearchViewController.swift */; };
		2EA344F6271CF590008CE5C7 /* LibraryViewController.swift in Sources */ = {isa = PBXBuildFile; fileRef = 2EA344F5271CF590008CE5C7 /* LibraryViewController.swift */; };
		2EA344FA271CF5D4008CE5C7 /* AuthViewController.swift in Sources */ = {isa = PBXBuildFile; fileRef = 2EA344F9271CF5D4008CE5C7 /* AuthViewController.swift */; };
		2EA344FC271CF5EA008CE5C7 /* WelcomeViewController.swift in Sources */ = {isa = PBXBuildFile; fileRef = 2EA344FB271CF5EA008CE5C7 /* WelcomeViewController.swift */; };
		2EA344FE271CF608008CE5C7 /* SettingsViewController.swift in Sources */ = {isa = PBXBuildFile; fileRef = 2EA344FD271CF608008CE5C7 /* SettingsViewController.swift */; };
		2EA34500271CF61F008CE5C7 /* ProfileViewController.swift in Sources */ = {isa = PBXBuildFile; fileRef = 2EA344FF271CF61F008CE5C7 /* ProfileViewController.swift */; };
		2EA34502271CF629008CE5C7 /* PlayerViewController.swift in Sources */ = {isa = PBXBuildFile; fileRef = 2EA34501271CF629008CE5C7 /* PlayerViewController.swift */; };
		2EA34504271CF639008CE5C7 /* PlaylistViewController.swift in Sources */ = {isa = PBXBuildFile; fileRef = 2EA34503271CF639008CE5C7 /* PlaylistViewController.swift */; };
		2EA34506271CF65E008CE5C7 /* SearchResultsViewController.swift in Sources */ = {isa = PBXBuildFile; fileRef = 2EA34505271CF65E008CE5C7 /* SearchResultsViewController.swift */; };
		2EA34508271CF6C9008CE5C7 /* AuthManager.swift in Sources */ = {isa = PBXBuildFile; fileRef = 2EA34507271CF6C9008CE5C7 /* AuthManager.swift */; };
		2EA3450A271CF6DF008CE5C7 /* APICaller.swift in Sources */ = {isa = PBXBuildFile; fileRef = 2EA34509271CF6DF008CE5C7 /* APICaller.swift */; };
		2EA3450C271CF6FF008CE5C7 /* HapticsManager.swift in Sources */ = {isa = PBXBuildFile; fileRef = 2EA3450B271CF6FF008CE5C7 /* HapticsManager.swift */; };
		2EA34517271D0480008CE5C7 /* ClientConfig.plist in Resources */ = {isa = PBXBuildFile; fileRef = 2EA34516271D0480008CE5C7 /* ClientConfig.plist */; };
		2EA34519271D0AEC008CE5C7 /* Extensions.swift in Sources */ = {isa = PBXBuildFile; fileRef = 2EA34518271D0AEC008CE5C7 /* Extensions.swift */; };
		58416A9571EBED0558808626 /* Pods_Spotify.framework in Frameworks */ = {isa = PBXBuildFile; fileRef = FE3AFC18B3D8126BD2FC3BCA /* Pods_Spotify.framework */; };
/* End PBXBuildFile section */

/* Begin PBXFileReference section */
		2E07528F271CF169008CC5AB /* Spotify.app */ = {isa = PBXFileReference; explicitFileType = wrapper.application; includeInIndex = 0; path = Spotify.app; sourceTree = BUILT_PRODUCTS_DIR; };
		2E075292271CF169008CC5AB /* AppDelegate.swift */ = {isa = PBXFileReference; lastKnownFileType = sourcecode.swift; path = AppDelegate.swift; sourceTree = "<group>"; };
		2E075294271CF169008CC5AB /* SceneDelegate.swift */ = {isa = PBXFileReference; lastKnownFileType = sourcecode.swift; path = SceneDelegate.swift; sourceTree = "<group>"; };
		2E075296271CF169008CC5AB /* HomeViewController.swift */ = {isa = PBXFileReference; lastKnownFileType = sourcecode.swift; path = HomeViewController.swift; sourceTree = "<group>"; };
		2E07529B271CF16D008CC5AB /* Assets.xcassets */ = {isa = PBXFileReference; lastKnownFileType = folder.assetcatalog; path = Assets.xcassets; sourceTree = "<group>"; };
		2E07529E271CF16D008CC5AB /* Base */ = {isa = PBXFileReference; lastKnownFileType = file.storyboard; name = Base; path = Base.lproj/LaunchScreen.storyboard; sourceTree = "<group>"; };
		2E0752A0271CF16D008CC5AB /* Info.plist */ = {isa = PBXFileReference; lastKnownFileType = text.plist.xml; path = Info.plist; sourceTree = "<group>"; };
		2E247672271E263600FDEB09 /* NewReleaseCollectionViewCell.swift */ = {isa = PBXFileReference; lastKnownFileType = sourcecode.swift; path = NewReleaseCollectionViewCell.swift; sourceTree = "<group>"; };
		2E247674271E266B00FDEB09 /* FeaturedPlaylistCollectionViewCell.swift */ = {isa = PBXFileReference; lastKnownFileType = sourcecode.swift; path = FeaturedPlaylistCollectionViewCell.swift; sourceTree = "<group>"; };
		2E247676271E26A500FDEB09 /* RecommendedTrackCollectionViewCell.swift */ = {isa = PBXFileReference; lastKnownFileType = sourcecode.swift; path = RecommendedTrackCollectionViewCell.swift; sourceTree = "<group>"; };
		2E5F35F3271EE81C009F95C5 /* FeaturedPlaylistCellViewModel.swift */ = {isa = PBXFileReference; lastKnownFileType = sourcecode.swift; path = FeaturedPlaylistCellViewModel.swift; sourceTree = "<group>"; };
		2E5F35F5271EE866009F95C5 /* RecommendedTrackCellViewModel.swift */ = {isa = PBXFileReference; lastKnownFileType = sourcecode.swift; path = RecommendedTrackCellViewModel.swift; sourceTree = "<group>"; };
		2E5F35F7271F3F5E009F95C5 /* AlbumViewController.swift */ = {isa = PBXFileReference; lastKnownFileType = sourcecode.swift; path = AlbumViewController.swift; sourceTree = "<group>"; };
		2E5F35FE2720756C009F95C5 /* ExplicitContent.swift */ = {isa = PBXFileReference; fileEncoding = 4; lastKnownFileType = sourcecode.swift; path = ExplicitContent.swift; sourceTree = "<group>"; };
		2E5F35FF2720756C009F95C5 /* Image.swift */ = {isa = PBXFileReference; fileEncoding = 4; lastKnownFileType = sourcecode.swift; path = Image.swift; sourceTree = "<group>"; };
		2E5F36002720756C009F95C5 /* Followers.swift */ = {isa = PBXFileReference; fileEncoding = 4; lastKnownFileType = sourcecode.swift; path = Followers.swift; sourceTree = "<group>"; };
		2E5F36012720756C009F95C5 /* ExternalUrls.swift */ = {isa = PBXFileReference; fileEncoding = 4; lastKnownFileType = sourcecode.swift; path = ExternalUrls.swift; sourceTree = "<group>"; };
		2E5F36022720756C009F95C5 /* FeaturedPlaylists.swift */ = {isa = PBXFileReference; fileEncoding = 4; lastKnownFileType = sourcecode.swift; path = FeaturedPlaylists.swift; sourceTree = "<group>"; };
		2E5F36032720756C009F95C5 /* PlaylistsItem.swift */ = {isa = PBXFileReference; fileEncoding = 4; lastKnownFileType = sourcecode.swift; path = PlaylistsItem.swift; sourceTree = "<group>"; };
		2E5F36042720756C009F95C5 /* NewReleases.swift */ = {isa = PBXFileReference; fileEncoding = 4; lastKnownFileType = sourcecode.swift; path = NewReleases.swift; sourceTree = "<group>"; };
		2E5F36052720756C009F95C5 /* GetCurrentProfile.swift */ = {isa = PBXFileReference; fileEncoding = 4; lastKnownFileType = sourcecode.swift; path = GetCurrentProfile.swift; sourceTree = "<group>"; };
		2E5F36062720756C009F95C5 /* Albums.swift */ = {isa = PBXFileReference; fileEncoding = 4; lastKnownFileType = sourcecode.swift; path = Albums.swift; sourceTree = "<group>"; };
		2E5F36072720756D009F95C5 /* User.swift */ = {isa = PBXFileReference; fileEncoding = 4; lastKnownFileType = sourcecode.swift; path = User.swift; sourceTree = "<group>"; };
		2E5F36082720756D009F95C5 /* JSONSchemaSupport.swift */ = {isa = PBXFileReference; fileEncoding = 4; lastKnownFileType = sourcecode.swift; path = JSONSchemaSupport.swift; sourceTree = "<group>"; };
		2E5F36092720756D009F95C5 /* Recommendations.swift */ = {isa = PBXFileReference; fileEncoding = 4; lastKnownFileType = sourcecode.swift; path = Recommendations.swift; sourceTree = "<group>"; };
		2E5F360A2720756D009F95C5 /* AlbumElement.swift */ = {isa = PBXFileReference; fileEncoding = 4; lastKnownFileType = sourcecode.swift; path = AlbumElement.swift; sourceTree = "<group>"; };
		2E5F360C2720756D009F95C5 /* Owner.swift */ = {isa = PBXFileReference; fileEncoding = 4; lastKnownFileType = sourcecode.swift; path = Owner.swift; sourceTree = "<group>"; };
		2E5F360D2720756D009F95C5 /* Tracks.swift */ = {isa = PBXFileReference; fileEncoding = 4; lastKnownFileType = sourcecode.swift; path = Tracks.swift; sourceTree = "<group>"; };
		2E5F360E2720756D009F95C5 /* GetAlbumsExternalids.swift */ = {isa = PBXFileReference; fileEncoding = 4; lastKnownFileType = sourcecode.swift; path = GetAlbumsExternalids.swift; sourceTree = "<group>"; };
		2E5F360F2720756D009F95C5 /* Artist.swift */ = {isa = PBXFileReference; fileEncoding = 4; lastKnownFileType = sourcecode.swift; path = Artist.swift; sourceTree = "<group>"; };
		2E5F36102720756D009F95C5 /* Copyright.swift */ = {isa = PBXFileReference; fileEncoding = 4; lastKnownFileType = sourcecode.swift; path = Copyright.swift; sourceTree = "<group>"; };
		2E5F36112720756D009F95C5 /* ReleaseDatePrecision.swift */ = {isa = PBXFileReference; fileEncoding = 4; lastKnownFileType = sourcecode.swift; path = ReleaseDatePrecision.swift; sourceTree = "<group>"; };
		2E5F36122720756D009F95C5 /* Externalids.swift */ = {isa = PBXFileReference; fileEncoding = 4; lastKnownFileType = sourcecode.swift; path = Externalids.swift; sourceTree = "<group>"; };
		2E5F36142720756D009F95C5 /* ArtistType.swift */ = {isa = PBXFileReference; fileEncoding = 4; lastKnownFileType = sourcecode.swift; path = ArtistType.swift; sourceTree = "<group>"; };
		2E5F36152720756D009F95C5 /* Playlists.swift */ = {isa = PBXFileReference; fileEncoding = 4; lastKnownFileType = sourcecode.swift; path = Playlists.swift; sourceTree = "<group>"; };
		2E5F36162720756D009F95C5 /* PurpleType.swift */ = {isa = PBXFileReference; fileEncoding = 4; lastKnownFileType = sourcecode.swift; path = PurpleType.swift; sourceTree = "<group>"; };
		2E5F36172720756D009F95C5 /* Seed.swift */ = {isa = PBXFileReference; fileEncoding = 4; lastKnownFileType = sourcecode.swift; path = Seed.swift; sourceTree = "<group>"; };
		2E5F36182720756D009F95C5 /* GetAlbums.swift */ = {isa = PBXFileReference; fileEncoding = 4; lastKnownFileType = sourcecode.swift; path = GetAlbums.swift; sourceTree = "<group>"; };
		2E5F36192720756D009F95C5 /* AuthResponse.swift */ = {isa = PBXFileReference; fileEncoding = 4; lastKnownFileType = sourcecode.swift; path = AuthResponse.swift; sourceTree = "<group>"; };
		2E5F361A2720756D009F95C5 /* Track.swift */ = {isa = PBXFileReference; fileEncoding = 4; lastKnownFileType = sourcecode.swift; path = Track.swift; sourceTree = "<group>"; };
		2E5F361C2720756D009F95C5 /* AlbumTypeEnum.swift */ = {isa = PBXFileReference; fileEncoding = 4; lastKnownFileType = sourcecode.swift; path = AlbumTypeEnum.swift; sourceTree = "<group>"; };
		2E5F361D2720756D009F95C5 /* TrackExternalids.swift */ = {isa = PBXFileReference; fileEncoding = 4; lastKnownFileType = sourcecode.swift; path = TrackExternalids.swift; sourceTree = "<group>"; };
		2E5F361E2720756D009F95C5 /* SettingsModel.swift */ = {isa = PBXFileReference; fileEncoding = 4; lastKnownFileType = sourcecode.swift; path = SettingsModel.swift; sourceTree = "<group>"; };
		2E5F361F2720756D009F95C5 /* GetArtist.swift */ = {isa = PBXFileReference; fileEncoding = 4; lastKnownFileType = sourcecode.swift; path = GetArtist.swift; sourceTree = "<group>"; };
		2E5F36202720756D009F95C5 /* TrackType.swift */ = {isa = PBXFileReference; fileEncoding = 4; lastKnownFileType = sourcecode.swift; path = TrackType.swift; sourceTree = "<group>"; };
		2E5F36212720756D009F95C5 /* DisplayName.swift */ = {isa = PBXFileReference; fileEncoding = 4; lastKnownFileType = sourcecode.swift; path = DisplayName.swift; sourceTree = "<group>"; };
		2E5F36222720756D009F95C5 /* GenreSeeds.swift */ = {isa = PBXFileReference; fileEncoding = 4; lastKnownFileType = sourcecode.swift; path = GenreSeeds.swift; sourceTree = "<group>"; };
		2E5F36232720756D009F95C5 /* RecommendedGenresResponse.swift */ = {isa = PBXFileReference; fileEncoding = 4; lastKnownFileType = sourcecode.swift; path = RecommendedGenresResponse.swift; sourceTree = "<group>"; };
		2E5F36242720756E009F95C5 /* OwnerType.swift */ = {isa = PBXFileReference; fileEncoding = 4; lastKnownFileType = sourcecode.swift; path = OwnerType.swift; sourceTree = "<group>"; };
		2E8B2DEE271E2E64002BC5C0 /* NewReleasesCellViewModel.swift */ = {isa = PBXFileReference; lastKnownFileType = sourcecode.swift; path = NewReleasesCellViewModel.swift; sourceTree = "<group>"; };
		2EA344F0271CF549008CE5C7 /* TabBarViewController.swift */ = {isa = PBXFileReference; lastKnownFileType = sourcecode.swift; path = TabBarViewController.swift; sourceTree = "<group>"; };
		2EA344F2271CF568008CE5C7 /* SearchViewController.swift */ = {isa = PBXFileReference; lastKnownFileType = sourcecode.swift; path = SearchViewController.swift; sourceTree = "<group>"; };
		2EA344F5271CF590008CE5C7 /* LibraryViewController.swift */ = {isa = PBXFileReference; lastKnownFileType = sourcecode.swift; path = LibraryViewController.swift; sourceTree = "<group>"; };
		2EA344F9271CF5D4008CE5C7 /* AuthViewController.swift */ = {isa = PBXFileReference; lastKnownFileType = sourcecode.swift; path = AuthViewController.swift; sourceTree = "<group>"; };
		2EA344FB271CF5EA008CE5C7 /* WelcomeViewController.swift */ = {isa = PBXFileReference; lastKnownFileType = sourcecode.swift; path = WelcomeViewController.swift; sourceTree = "<group>"; };
		2EA344FD271CF608008CE5C7 /* SettingsViewController.swift */ = {isa = PBXFileReference; lastKnownFileType = sourcecode.swift; path = SettingsViewController.swift; sourceTree = "<group>"; };
		2EA344FF271CF61F008CE5C7 /* ProfileViewController.swift */ = {isa = PBXFileReference; lastKnownFileType = sourcecode.swift; path = ProfileViewController.swift; sourceTree = "<group>"; };
		2EA34501271CF629008CE5C7 /* PlayerViewController.swift */ = {isa = PBXFileReference; lastKnownFileType = sourcecode.swift; path = PlayerViewController.swift; sourceTree = "<group>"; };
		2EA34503271CF639008CE5C7 /* PlaylistViewController.swift */ = {isa = PBXFileReference; lastKnownFileType = sourcecode.swift; path = PlaylistViewController.swift; sourceTree = "<group>"; };
		2EA34505271CF65E008CE5C7 /* SearchResultsViewController.swift */ = {isa = PBXFileReference; lastKnownFileType = sourcecode.swift; path = SearchResultsViewController.swift; sourceTree = "<group>"; };
		2EA34507271CF6C9008CE5C7 /* AuthManager.swift */ = {isa = PBXFileReference; lastKnownFileType = sourcecode.swift; path = AuthManager.swift; sourceTree = "<group>"; };
		2EA34509271CF6DF008CE5C7 /* APICaller.swift */ = {isa = PBXFileReference; lastKnownFileType = sourcecode.swift; path = APICaller.swift; sourceTree = "<group>"; };
		2EA3450B271CF6FF008CE5C7 /* HapticsManager.swift */ = {isa = PBXFileReference; lastKnownFileType = sourcecode.swift; path = HapticsManager.swift; sourceTree = "<group>"; };
		2EA34516271D0480008CE5C7 /* ClientConfig.plist */ = {isa = PBXFileReference; lastKnownFileType = text.plist.xml; path = ClientConfig.plist; sourceTree = "<group>"; };
		2EA34518271D0AEC008CE5C7 /* Extensions.swift */ = {isa = PBXFileReference; lastKnownFileType = sourcecode.swift; path = Extensions.swift; sourceTree = "<group>"; };
		30EE1A416FD8E67B18AFBD91 /* Pods-Spotify.release.xcconfig */ = {isa = PBXFileReference; includeInIndex = 1; lastKnownFileType = text.xcconfig; name = "Pods-Spotify.release.xcconfig"; path = "Target Support Files/Pods-Spotify/Pods-Spotify.release.xcconfig"; sourceTree = "<group>"; };
		37F73E1ECB0B76FDB2D18B8B /* Pods-Spotify.debug.xcconfig */ = {isa = PBXFileReference; includeInIndex = 1; lastKnownFileType = text.xcconfig; name = "Pods-Spotify.debug.xcconfig"; path = "Target Support Files/Pods-Spotify/Pods-Spotify.debug.xcconfig"; sourceTree = "<group>"; };
		FE3AFC18B3D8126BD2FC3BCA /* Pods_Spotify.framework */ = {isa = PBXFileReference; explicitFileType = wrapper.framework; includeInIndex = 0; path = Pods_Spotify.framework; sourceTree = BUILT_PRODUCTS_DIR; };
/* End PBXFileReference section */

/* Begin PBXFrameworksBuildPhase section */
		2E07528C271CF169008CC5AB /* Frameworks */ = {
			isa = PBXFrameworksBuildPhase;
			buildActionMask = 2147483647;
			files = (
				58416A9571EBED0558808626 /* Pods_Spotify.framework in Frameworks */,
			);
			runOnlyForDeploymentPostprocessing = 0;
		};
/* End PBXFrameworksBuildPhase section */

/* Begin PBXGroup section */
		2E075286271CF169008CC5AB = {
			isa = PBXGroup;
			children = (
				2E075291271CF169008CC5AB /* Spotify */,
				2E075290271CF169008CC5AB /* Products */,
				859BDED40E51D750B553FE53 /* Pods */,
				F5155EF67C74A87823F60017 /* Frameworks */,
			);
			sourceTree = "<group>";
		};
		2E075290271CF169008CC5AB /* Products */ = {
			isa = PBXGroup;
			children = (
				2E07528F271CF169008CC5AB /* Spotify.app */,
			);
			name = Products;
			sourceTree = "<group>";
		};
		2E075291271CF169008CC5AB /* Spotify */ = {
			isa = PBXGroup;
			children = (
				2E0752AB271CF1DD008CC5AB /* Resources */,
				2E0752AA271CF1B8008CC5AB /* Managers */,
				2E0752A9271CF1AA008CC5AB /* ViewModels */,
				2E0752A8271CF1A3008CC5AB /* Models */,
				2E0752A7271CF192008CC5AB /* Views */,
				2E0752A6271CF18A008CC5AB /* Controllers */,
				2E0752A0271CF16D008CC5AB /* Info.plist */,
			);
			path = Spotify;
			sourceTree = "<group>";
		};
		2E0752A6271CF18A008CC5AB /* Controllers */ = {
			isa = PBXGroup;
			children = (
				2EA344F8271CF5B4008CE5C7 /* Other */,
				2EA344F7271CF5A2008CE5C7 /* Core */,
			);
			path = Controllers;
			sourceTree = "<group>";
		};
		2E0752A7271CF192008CC5AB /* Views */ = {
			isa = PBXGroup;
			children = (
				2E247671271E260C00FDEB09 /* Browse */,
				2E07529D271CF16D008CC5AB /* LaunchScreen.storyboard */,
			);
			path = Views;
			sourceTree = "<group>";
		};
		2E0752A8271CF1A3008CC5AB /* Models */ = {
			isa = PBXGroup;
			children = (
				2E5F360A2720756D009F95C5 /* AlbumElement.swift */,
				2E5F36062720756C009F95C5 /* Albums.swift */,
				2E5F361C2720756D009F95C5 /* AlbumTypeEnum.swift */,
				2E5F360F2720756D009F95C5 /* Artist.swift */,
				2E5F36142720756D009F95C5 /* ArtistType.swift */,
				2E5F36192720756D009F95C5 /* AuthResponse.swift */,
				2E5F36102720756D009F95C5 /* Copyright.swift */,
				2E5F36212720756D009F95C5 /* DisplayName.swift */,
				2E5F35FE2720756C009F95C5 /* ExplicitContent.swift */,
				2E5F36122720756D009F95C5 /* Externalids.swift */,
				2E5F36012720756C009F95C5 /* ExternalUrls.swift */,
				2E5F36022720756C009F95C5 /* FeaturedPlaylists.swift */,
				2E5F36002720756C009F95C5 /* Followers.swift */,
				2E5F36222720756D009F95C5 /* GenreSeeds.swift */,
				2E5F36182720756D009F95C5 /* GetAlbums.swift */,
				2E5F360E2720756D009F95C5 /* GetAlbumsExternalids.swift */,
				2E5F361F2720756D009F95C5 /* GetArtist.swift */,
				2E5F36052720756C009F95C5 /* GetCurrentProfile.swift */,
				2E5F35FF2720756C009F95C5 /* Image.swift */,
				2E5F36082720756D009F95C5 /* JSONSchemaSupport.swift */,
				2E5F36042720756C009F95C5 /* NewReleases.swift */,
				2E5F360C2720756D009F95C5 /* Owner.swift */,
				2E5F36242720756E009F95C5 /* OwnerType.swift */,
				2E5F36152720756D009F95C5 /* Playlists.swift */,
				2E5F36032720756C009F95C5 /* PlaylistsItem.swift */,
				2E5F36162720756D009F95C5 /* PurpleType.swift */,
				2E5F36092720756D009F95C5 /* Recommendations.swift */,
				2E5F36232720756D009F95C5 /* RecommendedGenresResponse.swift */,
				2E5F36112720756D009F95C5 /* ReleaseDatePrecision.swift */,
				2E5F36172720756D009F95C5 /* Seed.swift */,
				2E5F361E2720756D009F95C5 /* SettingsModel.swift */,
				2E5F361A2720756D009F95C5 /* Track.swift */,
				2E5F361D2720756D009F95C5 /* TrackExternalids.swift */,
				2E5F360D2720756D009F95C5 /* Tracks.swift */,
				2E5F36202720756D009F95C5 /* TrackType.swift */,
				2E5F36072720756D009F95C5 /* User.swift */,
			);
			path = Models;
			sourceTree = "<group>";
		};
		2E0752A9271CF1AA008CC5AB /* ViewModels */ = {
			isa = PBXGroup;
			children = (
				2E8B2DEE271E2E64002BC5C0 /* NewReleasesCellViewModel.swift */,
				2E5F35F3271EE81C009F95C5 /* FeaturedPlaylistCellViewModel.swift */,
				2E5F35F5271EE866009F95C5 /* RecommendedTrackCellViewModel.swift */,
			);
			path = ViewModels;
			sourceTree = "<group>";
		};
		2E0752AA271CF1B8008CC5AB /* Managers */ = {
			isa = PBXGroup;
			children = (
				2EA34507271CF6C9008CE5C7 /* AuthManager.swift */,
				2EA34509271CF6DF008CE5C7 /* APICaller.swift */,
				2EA3450B271CF6FF008CE5C7 /* HapticsManager.swift */,
			);
			path = Managers;
			sourceTree = "<group>";
		};
		2E0752AB271CF1DD008CC5AB /* Resources */ = {
			isa = PBXGroup;
			children = (
				2EA34516271D0480008CE5C7 /* ClientConfig.plist */,
				2E07529B271CF16D008CC5AB /* Assets.xcassets */,
				2E075292271CF169008CC5AB /* AppDelegate.swift */,
				2E075294271CF169008CC5AB /* SceneDelegate.swift */,
				2EA34518271D0AEC008CE5C7 /* Extensions.swift */,
			);
			path = Resources;
			sourceTree = "<group>";
		};
		2E247671271E260C00FDEB09 /* Browse */ = {
			isa = PBXGroup;
			children = (
				2E247672271E263600FDEB09 /* NewReleaseCollectionViewCell.swift */,
				2E247674271E266B00FDEB09 /* FeaturedPlaylistCollectionViewCell.swift */,
				2E247676271E26A500FDEB09 /* RecommendedTrackCollectionViewCell.swift */,
			);
			path = Browse;
			sourceTree = "<group>";
		};
		2EA344F7271CF5A2008CE5C7 /* Core */ = {
			isa = PBXGroup;
			children = (
				2EA344F0271CF549008CE5C7 /* TabBarViewController.swift */,
				2E075296271CF169008CC5AB /* HomeViewController.swift */,
				2EA344F2271CF568008CE5C7 /* SearchViewController.swift */,
				2EA344F5271CF590008CE5C7 /* LibraryViewController.swift */,
			);
			path = Core;
			sourceTree = "<group>";
		};
		2EA344F8271CF5B4008CE5C7 /* Other */ = {
			isa = PBXGroup;
			children = (
				2EA344F9271CF5D4008CE5C7 /* AuthViewController.swift */,
				2EA344FB271CF5EA008CE5C7 /* WelcomeViewController.swift */,
				2EA344FD271CF608008CE5C7 /* SettingsViewController.swift */,
				2EA344FF271CF61F008CE5C7 /* ProfileViewController.swift */,
				2EA34501271CF629008CE5C7 /* PlayerViewController.swift */,
				2EA34503271CF639008CE5C7 /* PlaylistViewController.swift */,
				2EA34505271CF65E008CE5C7 /* SearchResultsViewController.swift */,
				2E5F35F7271F3F5E009F95C5 /* AlbumViewController.swift */,
			);
			path = Other;
			sourceTree = "<group>";
		};
		859BDED40E51D750B553FE53 /* Pods */ = {
			isa = PBXGroup;
			children = (
				37F73E1ECB0B76FDB2D18B8B /* Pods-Spotify.debug.xcconfig */,
				30EE1A416FD8E67B18AFBD91 /* Pods-Spotify.release.xcconfig */,
			);
			path = Pods;
			sourceTree = "<group>";
		};
		F5155EF67C74A87823F60017 /* Frameworks */ = {
			isa = PBXGroup;
			children = (
				FE3AFC18B3D8126BD2FC3BCA /* Pods_Spotify.framework */,
			);
			name = Frameworks;
			sourceTree = "<group>";
		};
/* End PBXGroup section */

/* Begin PBXNativeTarget section */
		2E07528E271CF169008CC5AB /* Spotify */ = {
			isa = PBXNativeTarget;
			buildConfigurationList = 2E0752A3271CF16D008CC5AB /* Build configuration list for PBXNativeTarget "Spotify" */;
			buildPhases = (
				479589DEBBF8543F347972FC /* [CP] Check Pods Manifest.lock */,
				2E07528B271CF169008CC5AB /* Sources */,
				2E07528C271CF169008CC5AB /* Frameworks */,
				2E07528D271CF169008CC5AB /* Resources */,
				1CF151066741F833D97B6D61 /* [CP] Embed Pods Frameworks */,
			);
			buildRules = (
			);
			dependencies = (
			);
			name = Spotify;
			productName = Spotify;
			productReference = 2E07528F271CF169008CC5AB /* Spotify.app */;
			productType = "com.apple.product-type.application";
		};
/* End PBXNativeTarget section */

/* Begin PBXProject section */
		2E075287271CF169008CC5AB /* Project object */ = {
			isa = PBXProject;
			attributes = {
				BuildIndependentTargetsInParallel = 1;
				LastSwiftUpdateCheck = 1300;
				LastUpgradeCheck = 1300;
				TargetAttributes = {
					2E07528E271CF169008CC5AB = {
						CreatedOnToolsVersion = 13.0;
					};
				};
			};
			buildConfigurationList = 2E07528A271CF169008CC5AB /* Build configuration list for PBXProject "Spotify" */;
			compatibilityVersion = "Xcode 13.0";
			developmentRegion = en;
			hasScannedForEncodings = 0;
			knownRegions = (
				en,
				Base,
			);
			mainGroup = 2E075286271CF169008CC5AB;
			productRefGroup = 2E075290271CF169008CC5AB /* Products */;
			projectDirPath = "";
			projectRoot = "";
			targets = (
				2E07528E271CF169008CC5AB /* Spotify */,
			);
		};
/* End PBXProject section */

/* Begin PBXResourcesBuildPhase section */
		2E07528D271CF169008CC5AB /* Resources */ = {
			isa = PBXResourcesBuildPhase;
			buildActionMask = 2147483647;
			files = (
				2E07529F271CF16D008CC5AB /* LaunchScreen.storyboard in Resources */,
				2EA34517271D0480008CE5C7 /* ClientConfig.plist in Resources */,
				2E07529C271CF16D008CC5AB /* Assets.xcassets in Resources */,
			);
			runOnlyForDeploymentPostprocessing = 0;
		};
/* End PBXResourcesBuildPhase section */

/* Begin PBXShellScriptBuildPhase section */
		1CF151066741F833D97B6D61 /* [CP] Embed Pods Frameworks */ = {
			isa = PBXShellScriptBuildPhase;
			buildActionMask = 2147483647;
			files = (
			);
			inputFileListPaths = (
				"${PODS_ROOT}/Target Support Files/Pods-Spotify/Pods-Spotify-frameworks-${CONFIGURATION}-input-files.xcfilelist",
			);
			name = "[CP] Embed Pods Frameworks";
			outputFileListPaths = (
				"${PODS_ROOT}/Target Support Files/Pods-Spotify/Pods-Spotify-frameworks-${CONFIGURATION}-output-files.xcfilelist",
			);
			runOnlyForDeploymentPostprocessing = 0;
			shellPath = /bin/sh;
			shellScript = "\"${PODS_ROOT}/Target Support Files/Pods-Spotify/Pods-Spotify-frameworks.sh\"\n";
			showEnvVarsInLog = 0;
		};
		479589DEBBF8543F347972FC /* [CP] Check Pods Manifest.lock */ = {
			isa = PBXShellScriptBuildPhase;
			buildActionMask = 2147483647;
			files = (
			);
			inputFileListPaths = (
			);
			inputPaths = (
				"${PODS_PODFILE_DIR_PATH}/Podfile.lock",
				"${PODS_ROOT}/Manifest.lock",
			);
			name = "[CP] Check Pods Manifest.lock";
			outputFileListPaths = (
			);
			outputPaths = (
				"$(DERIVED_FILE_DIR)/Pods-Spotify-checkManifestLockResult.txt",
			);
			runOnlyForDeploymentPostprocessing = 0;
			shellPath = /bin/sh;
			shellScript = "diff \"${PODS_PODFILE_DIR_PATH}/Podfile.lock\" \"${PODS_ROOT}/Manifest.lock\" > /dev/null\nif [ $? != 0 ] ; then\n    # print error to STDERR\n    echo \"error: The sandbox is not in sync with the Podfile.lock. Run 'pod install' or update your CocoaPods installation.\" >&2\n    exit 1\nfi\n# This output is used by Xcode 'outputs' to avoid re-running this script phase.\necho \"SUCCESS\" > \"${SCRIPT_OUTPUT_FILE_0}\"\n";
			showEnvVarsInLog = 0;
		};
/* End PBXShellScriptBuildPhase section */

/* Begin PBXSourcesBuildPhase section */
		2E07528B271CF169008CC5AB /* Sources */ = {
			isa = PBXSourcesBuildPhase;
			buildActionMask = 2147483647;
			files = (
				2EA344F3271CF568008CE5C7 /* SearchViewController.swift in Sources */,
				2E5F36272720756E009F95C5 /* Image.swift in Sources */,
				2E5F35F4271EE81C009F95C5 /* FeaturedPlaylistCellViewModel.swift in Sources */,
				2EA34508271CF6C9008CE5C7 /* AuthManager.swift in Sources */,
				2EA34506271CF65E008CE5C7 /* SearchResultsViewController.swift in Sources */,
				2EA344FC271CF5EA008CE5C7 /* WelcomeViewController.swift in Sources */,
				2E5F36392720756E009F95C5 /* ReleaseDatePrecision.swift in Sources */,
				2E247675271E266B00FDEB09 /* FeaturedPlaylistCollectionViewCell.swift in Sources */,
				2E5F36372720756E009F95C5 /* Artist.swift in Sources */,
				2E5F362E2720756E009F95C5 /* Albums.swift in Sources */,
				2EA34500271CF61F008CE5C7 /* ProfileViewController.swift in Sources */,
				2E5F36312720756E009F95C5 /* Recommendations.swift in Sources */,
				2EA344F1271CF549008CE5C7 /* TabBarViewController.swift in Sources */,
				2EA3450C271CF6FF008CE5C7 /* HapticsManager.swift in Sources */,
				2E5F36322720756E009F95C5 /* AlbumElement.swift in Sources */,
				2E5F362C2720756E009F95C5 /* NewReleases.swift in Sources */,
				2E5F363F2720756E009F95C5 /* Seed.swift in Sources */,
				2E075297271CF169008CC5AB /* HomeViewController.swift in Sources */,
				2E5F362F2720756E009F95C5 /* User.swift in Sources */,
				2E5F362D2720756E009F95C5 /* GetCurrentProfile.swift in Sources */,
				2E5F36442720756E009F95C5 /* AlbumTypeEnum.swift in Sources */,
				2E5F364C2720756E009F95C5 /* OwnerType.swift in Sources */,
				2E5F36452720756E009F95C5 /* TrackExternalids.swift in Sources */,
				2E5F363D2720756E009F95C5 /* Playlists.swift in Sources */,
				2E5F36402720756E009F95C5 /* GetAlbums.swift in Sources */,
				2EA344FA271CF5D4008CE5C7 /* AuthViewController.swift in Sources */,
				2E5F35F6271EE866009F95C5 /* RecommendedTrackCellViewModel.swift in Sources */,
				2E5F36292720756E009F95C5 /* ExternalUrls.swift in Sources */,
				2E5F36482720756E009F95C5 /* TrackType.swift in Sources */,
				2E5F36302720756E009F95C5 /* JSONSchemaSupport.swift in Sources */,
				2E075293271CF169008CC5AB /* AppDelegate.swift in Sources */,
				2E247673271E263600FDEB09 /* NewReleaseCollectionViewCell.swift in Sources */,
				2E5F362B2720756E009F95C5 /* PlaylistsItem.swift in Sources */,
				2E5F36282720756E009F95C5 /* Followers.swift in Sources */,
				2E247677271E26A500FDEB09 /* RecommendedTrackCollectionViewCell.swift in Sources */,
				2E5F36382720756E009F95C5 /* Copyright.swift in Sources */,
				2E5F363E2720756E009F95C5 /* PurpleType.swift in Sources */,
				2EA34519271D0AEC008CE5C7 /* Extensions.swift in Sources */,
				2EA344F6271CF590008CE5C7 /* LibraryViewController.swift in Sources */,
				2E5F363A2720756E009F95C5 /* Externalids.swift in Sources */,
				2EA34504271CF639008CE5C7 /* PlaylistViewController.swift in Sources */,
				2E5F362A2720756E009F95C5 /* FeaturedPlaylists.swift in Sources */,
				2E5F35F8271F3F5F009F95C5 /* AlbumViewController.swift in Sources */,
				2E5F363C2720756E009F95C5 /* ArtistType.swift in Sources */,
				2E5F36422720756E009F95C5 /* Track.swift in Sources */,
				2E8B2DEF271E2E64002BC5C0 /* NewReleasesCellViewModel.swift in Sources */,
				2E5F36342720756E009F95C5 /* Owner.swift in Sources */,
				2E5F36362720756E009F95C5 /* GetAlbumsExternalids.swift in Sources */,
				2E075295271CF169008CC5AB /* SceneDelegate.swift in Sources */,
				2E5F36472720756E009F95C5 /* GetArtist.swift in Sources */,
				2E5F36352720756E009F95C5 /* Tracks.swift in Sources */,
				2E5F364B2720756E009F95C5 /* RecommendedGenresResponse.swift in Sources */,
				2E5F36262720756E009F95C5 /* ExplicitContent.swift in Sources */,
				2EA34502271CF629008CE5C7 /* PlayerViewController.swift in Sources */,
				2E5F364A2720756E009F95C5 /* GenreSeeds.swift in Sources */,
				2E5F36462720756E009F95C5 /* SettingsModel.swift in Sources */,
				2EA3450A271CF6DF008CE5C7 /* APICaller.swift in Sources */,
				2E5F36492720756E009F95C5 /* DisplayName.swift in Sources */,
				2E5F36412720756E009F95C5 /* AuthResponse.swift in Sources */,
				2EA344FE271CF608008CE5C7 /* SettingsViewController.swift in Sources */,
			);
			runOnlyForDeploymentPostprocessing = 0;
		};
/* End PBXSourcesBuildPhase section */

/* Begin PBXVariantGroup section */
		2E07529D271CF16D008CC5AB /* LaunchScreen.storyboard */ = {
			isa = PBXVariantGroup;
			children = (
				2E07529E271CF16D008CC5AB /* Base */,
			);
			name = LaunchScreen.storyboard;
			sourceTree = "<group>";
		};
/* End PBXVariantGroup section */

/* Begin XCBuildConfiguration section */
		2E0752A1271CF16D008CC5AB /* Debug */ = {
			isa = XCBuildConfiguration;
			buildSettings = {
				ALWAYS_SEARCH_USER_PATHS = NO;
				CLANG_ANALYZER_NONNULL = YES;
				CLANG_ANALYZER_NUMBER_OBJECT_CONVERSION = YES_AGGRESSIVE;
				CLANG_CXX_LANGUAGE_STANDARD = "gnu++17";
				CLANG_CXX_LIBRARY = "libc++";
				CLANG_ENABLE_MODULES = YES;
				CLANG_ENABLE_OBJC_ARC = YES;
				CLANG_ENABLE_OBJC_WEAK = YES;
				CLANG_WARN_BLOCK_CAPTURE_AUTORELEASING = YES;
				CLANG_WARN_BOOL_CONVERSION = YES;
				CLANG_WARN_COMMA = YES;
				CLANG_WARN_CONSTANT_CONVERSION = YES;
				CLANG_WARN_DEPRECATED_OBJC_IMPLEMENTATIONS = YES;
				CLANG_WARN_DIRECT_OBJC_ISA_USAGE = YES_ERROR;
				CLANG_WARN_DOCUMENTATION_COMMENTS = YES;
				CLANG_WARN_EMPTY_BODY = YES;
				CLANG_WARN_ENUM_CONVERSION = YES;
				CLANG_WARN_INFINITE_RECURSION = YES;
				CLANG_WARN_INT_CONVERSION = YES;
				CLANG_WARN_NON_LITERAL_NULL_CONVERSION = YES;
				CLANG_WARN_OBJC_IMPLICIT_RETAIN_SELF = YES;
				CLANG_WARN_OBJC_LITERAL_CONVERSION = YES;
				CLANG_WARN_OBJC_ROOT_CLASS = YES_ERROR;
				CLANG_WARN_QUOTED_INCLUDE_IN_FRAMEWORK_HEADER = YES;
				CLANG_WARN_RANGE_LOOP_ANALYSIS = YES;
				CLANG_WARN_STRICT_PROTOTYPES = YES;
				CLANG_WARN_SUSPICIOUS_MOVE = YES;
				CLANG_WARN_UNGUARDED_AVAILABILITY = YES_AGGRESSIVE;
				CLANG_WARN_UNREACHABLE_CODE = YES;
				CLANG_WARN__DUPLICATE_METHOD_MATCH = YES;
				COPY_PHASE_STRIP = NO;
				DEBUG_INFORMATION_FORMAT = dwarf;
				ENABLE_STRICT_OBJC_MSGSEND = YES;
				ENABLE_TESTABILITY = YES;
				GCC_C_LANGUAGE_STANDARD = gnu11;
				GCC_DYNAMIC_NO_PIC = NO;
				GCC_NO_COMMON_BLOCKS = YES;
				GCC_OPTIMIZATION_LEVEL = 0;
				GCC_PREPROCESSOR_DEFINITIONS = (
					"DEBUG=1",
					"$(inherited)",
				);
				GCC_WARN_64_TO_32_BIT_CONVERSION = YES;
				GCC_WARN_ABOUT_RETURN_TYPE = YES_ERROR;
				GCC_WARN_UNDECLARED_SELECTOR = YES;
				GCC_WARN_UNINITIALIZED_AUTOS = YES_AGGRESSIVE;
				GCC_WARN_UNUSED_FUNCTION = YES;
				GCC_WARN_UNUSED_VARIABLE = YES;
				IPHONEOS_DEPLOYMENT_TARGET = 15.0;
				MTL_ENABLE_DEBUG_INFO = INCLUDE_SOURCE;
				MTL_FAST_MATH = YES;
				ONLY_ACTIVE_ARCH = YES;
				SDKROOT = iphoneos;
				SWIFT_ACTIVE_COMPILATION_CONDITIONS = DEBUG;
				SWIFT_OPTIMIZATION_LEVEL = "-Onone";
			};
			name = Debug;
		};
		2E0752A2271CF16D008CC5AB /* Release */ = {
			isa = XCBuildConfiguration;
			buildSettings = {
				ALWAYS_SEARCH_USER_PATHS = NO;
				CLANG_ANALYZER_NONNULL = YES;
				CLANG_ANALYZER_NUMBER_OBJECT_CONVERSION = YES_AGGRESSIVE;
				CLANG_CXX_LANGUAGE_STANDARD = "gnu++17";
				CLANG_CXX_LIBRARY = "libc++";
				CLANG_ENABLE_MODULES = YES;
				CLANG_ENABLE_OBJC_ARC = YES;
				CLANG_ENABLE_OBJC_WEAK = YES;
				CLANG_WARN_BLOCK_CAPTURE_AUTORELEASING = YES;
				CLANG_WARN_BOOL_CONVERSION = YES;
				CLANG_WARN_COMMA = YES;
				CLANG_WARN_CONSTANT_CONVERSION = YES;
				CLANG_WARN_DEPRECATED_OBJC_IMPLEMENTATIONS = YES;
				CLANG_WARN_DIRECT_OBJC_ISA_USAGE = YES_ERROR;
				CLANG_WARN_DOCUMENTATION_COMMENTS = YES;
				CLANG_WARN_EMPTY_BODY = YES;
				CLANG_WARN_ENUM_CONVERSION = YES;
				CLANG_WARN_INFINITE_RECURSION = YES;
				CLANG_WARN_INT_CONVERSION = YES;
				CLANG_WARN_NON_LITERAL_NULL_CONVERSION = YES;
				CLANG_WARN_OBJC_IMPLICIT_RETAIN_SELF = YES;
				CLANG_WARN_OBJC_LITERAL_CONVERSION = YES;
				CLANG_WARN_OBJC_ROOT_CLASS = YES_ERROR;
				CLANG_WARN_QUOTED_INCLUDE_IN_FRAMEWORK_HEADER = YES;
				CLANG_WARN_RANGE_LOOP_ANALYSIS = YES;
				CLANG_WARN_STRICT_PROTOTYPES = YES;
				CLANG_WARN_SUSPICIOUS_MOVE = YES;
				CLANG_WARN_UNGUARDED_AVAILABILITY = YES_AGGRESSIVE;
				CLANG_WARN_UNREACHABLE_CODE = YES;
				CLANG_WARN__DUPLICATE_METHOD_MATCH = YES;
				COPY_PHASE_STRIP = NO;
				DEBUG_INFORMATION_FORMAT = "dwarf-with-dsym";
				ENABLE_NS_ASSERTIONS = NO;
				ENABLE_STRICT_OBJC_MSGSEND = YES;
				GCC_C_LANGUAGE_STANDARD = gnu11;
				GCC_NO_COMMON_BLOCKS = YES;
				GCC_WARN_64_TO_32_BIT_CONVERSION = YES;
				GCC_WARN_ABOUT_RETURN_TYPE = YES_ERROR;
				GCC_WARN_UNDECLARED_SELECTOR = YES;
				GCC_WARN_UNINITIALIZED_AUTOS = YES_AGGRESSIVE;
				GCC_WARN_UNUSED_FUNCTION = YES;
				GCC_WARN_UNUSED_VARIABLE = YES;
				IPHONEOS_DEPLOYMENT_TARGET = 15.0;
				MTL_ENABLE_DEBUG_INFO = NO;
				MTL_FAST_MATH = YES;
				SDKROOT = iphoneos;
				SWIFT_COMPILATION_MODE = wholemodule;
				SWIFT_OPTIMIZATION_LEVEL = "-O";
				VALIDATE_PRODUCT = YES;
			};
			name = Release;
		};
		2E0752A4271CF16D008CC5AB /* Debug */ = {
			isa = XCBuildConfiguration;
			baseConfigurationReference = 37F73E1ECB0B76FDB2D18B8B /* Pods-Spotify.debug.xcconfig */;
			buildSettings = {
				ASSETCATALOG_COMPILER_APPICON_NAME = AppIcon;
				ASSETCATALOG_COMPILER_GLOBAL_ACCENT_COLOR_NAME = AccentColor;
				CODE_SIGN_STYLE = Automatic;
				CURRENT_PROJECT_VERSION = 1;
				DEVELOPMENT_TEAM = 5D4XSRW8W7;
				GENERATE_INFOPLIST_FILE = YES;
				INFOPLIST_FILE = Spotify/Info.plist;
				INFOPLIST_KEY_UIApplicationSupportsIndirectInputEvents = YES;
				INFOPLIST_KEY_UILaunchStoryboardName = LaunchScreen;
				INFOPLIST_KEY_UISupportedInterfaceOrientations_iPad = "UIInterfaceOrientationPortrait UIInterfaceOrientationPortraitUpsideDown UIInterfaceOrientationLandscapeLeft UIInterfaceOrientationLandscapeRight";
				INFOPLIST_KEY_UISupportedInterfaceOrientations_iPhone = "UIInterfaceOrientationPortrait UIInterfaceOrientationLandscapeLeft UIInterfaceOrientationLandscapeRight";
				LD_RUNPATH_SEARCH_PATHS = (
					"$(inherited)",
					"@executable_path/Frameworks",
				);
				MARKETING_VERSION = 1.0;
				PRODUCT_BUNDLE_IDENTIFIER = com.tnasuh.Spotify;
				PRODUCT_NAME = "$(TARGET_NAME)";
				SWIFT_EMIT_LOC_STRINGS = YES;
				SWIFT_VERSION = 5.0;
				TARGETED_DEVICE_FAMILY = "1,2";
			};
			name = Debug;
		};
		2E0752A5271CF16D008CC5AB /* Release */ = {
			isa = XCBuildConfiguration;
			baseConfigurationReference = 30EE1A416FD8E67B18AFBD91 /* Pods-Spotify.release.xcconfig */;
			buildSettings = {
				ASSETCATALOG_COMPILER_APPICON_NAME = AppIcon;
				ASSETCATALOG_COMPILER_GLOBAL_ACCENT_COLOR_NAME = AccentColor;
				CODE_SIGN_STYLE = Automatic;
				CURRENT_PROJECT_VERSION = 1;
				DEVELOPMENT_TEAM = 5D4XSRW8W7;
				GENERATE_INFOPLIST_FILE = YES;
				INFOPLIST_FILE = Spotify/Info.plist;
				INFOPLIST_KEY_UIApplicationSupportsIndirectInputEvents = YES;
				INFOPLIST_KEY_UILaunchStoryboardName = LaunchScreen;
				INFOPLIST_KEY_UISupportedInterfaceOrientations_iPad = "UIInterfaceOrientationPortrait UIInterfaceOrientationPortraitUpsideDown UIInterfaceOrientationLandscapeLeft UIInterfaceOrientationLandscapeRight";
				INFOPLIST_KEY_UISupportedInterfaceOrientations_iPhone = "UIInterfaceOrientationPortrait UIInterfaceOrientationLandscapeLeft UIInterfaceOrientationLandscapeRight";
				LD_RUNPATH_SEARCH_PATHS = (
					"$(inherited)",
					"@executable_path/Frameworks",
				);
				MARKETING_VERSION = 1.0;
				PRODUCT_BUNDLE_IDENTIFIER = com.tnasuh.Spotify;
				PRODUCT_NAME = "$(TARGET_NAME)";
				SWIFT_EMIT_LOC_STRINGS = YES;
				SWIFT_VERSION = 5.0;
				TARGETED_DEVICE_FAMILY = "1,2";
			};
			name = Release;
		};
/* End XCBuildConfiguration section */

/* Begin XCConfigurationList section */
		2E07528A271CF169008CC5AB /* Build configuration list for PBXProject "Spotify" */ = {
			isa = XCConfigurationList;
			buildConfigurations = (
				2E0752A1271CF16D008CC5AB /* Debug */,
				2E0752A2271CF16D008CC5AB /* Release */,
			);
			defaultConfigurationIsVisible = 0;
			defaultConfigurationName = Release;
		};
		2E0752A3271CF16D008CC5AB /* Build configuration list for PBXNativeTarget "Spotify" */ = {
			isa = XCConfigurationList;
			buildConfigurations = (
				2E0752A4271CF16D008CC5AB /* Debug */,
				2E0752A5271CF16D008CC5AB /* Release */,
			);
			defaultConfigurationIsVisible = 0;
			defaultConfigurationName = Release;
		};
/* End XCConfigurationList section */
	};
	rootObject = 2E075287271CF169008CC5AB /* Project object */;
}
