// !$*UTF8*$!
{
	archiveVersion = 1;
	classes = {
	};
	objectVersion = 55;
	objects = {

/* Begin PBXBuildFile section */
		2E075293271CF169008CC5AB /* AppDelegate.swift in Sources */ = {isa = PBXBuildFile; fileRef = 2E075292271CF169008CC5AB /* AppDelegate.swift */; };
		2E075295271CF169008CC5AB /* SceneDelegate.swift in Sources */ = {isa = PBXBuildFile; fileRef = 2E075294271CF169008CC5AB /* SceneDelegate.swift */; };
		2E075297271CF169008CC5AB /* HomeViewController.swift in Sources */ = {isa = PBXBuildFile; fileRef = 2E075296271CF169008CC5AB /* HomeViewController.swift */; };
		2E07529C271CF16D008CC5AB /* Assets.xcassets in Resources */ = {isa = PBXBuildFile; fileRef = 2E07529B271CF16D008CC5AB /* Assets.xcassets */; };
		2E07529F271CF16D008CC5AB /* LaunchScreen.storyboard in Resources */ = {isa = PBXBuildFile; fileRef = 2E07529D271CF16D008CC5AB /* LaunchScreen.storyboard */; };
		2EA344F1271CF549008CE5C7 /* TabBarViewController.swift in Sources */ = {isa = PBXBuildFile; fileRef = 2EA344F0271CF549008CE5C7 /* TabBarViewController.swift */; };
		2EA344F3271CF568008CE5C7 /* SearchViewController.swift in Sources */ = {isa = PBXBuildFile; fileRef = 2EA344F2271CF568008CE5C7 /* SearchViewController.swift */; };
		2EA344F6271CF590008CE5C7 /* LibraryViewController.swift in Sources */ = {isa = PBXBuildFile; fileRef = 2EA344F5271CF590008CE5C7 /* LibraryViewController.swift */; };
		2EA344FA271CF5D4008CE5C7 /* AuthViewController.swift in Sources */ = {isa = PBXBuildFile; fileRef = 2EA344F9271CF5D4008CE5C7 /* AuthViewController.swift */; };
		2EA344FC271CF5EA008CE5C7 /* WelcomeViewController.swift in Sources */ = {isa = PBXBuildFile; fileRef = 2EA344FB271CF5EA008CE5C7 /* WelcomeViewController.swift */; };
		2EA344FE271CF608008CE5C7 /* SettingsViewController.swift in Sources */ = {isa = PBXBuildFile; fileRef = 2EA344FD271CF608008CE5C7 /* SettingsViewController.swift */; };
		2EA34500271CF61F008CE5C7 /* ProfileViewController.swift in Sources */ = {isa = PBXBuildFile; fileRef = 2EA344FF271CF61F008CE5C7 /* ProfileViewController.swift */; };
		2EA34502271CF629008CE5C7 /* PlayerViewController.swift in Sources */ = {isa = PBXBuildFile; fileRef = 2EA34501271CF629008CE5C7 /* PlayerViewController.swift */; };
		2EA34504271CF639008CE5C7 /* PlaylistViewController.swift in Sources */ = {isa = PBXBuildFile; fileRef = 2EA34503271CF639008CE5C7 /* PlaylistViewController.swift */; };
		2EA34506271CF65E008CE5C7 /* SearchResultsViewController.swift in Sources */ = {isa = PBXBuildFile; fileRef = 2EA34505271CF65E008CE5C7 /* SearchResultsViewController.swift */; };
		2EA34508271CF6C9008CE5C7 /* AuthManager.swift in Sources */ = {isa = PBXBuildFile; fileRef = 2EA34507271CF6C9008CE5C7 /* AuthManager.swift */; };
		2EA3450A271CF6DF008CE5C7 /* APICaller.swift in Sources */ = {isa = PBXBuildFile; fileRef = 2EA34509271CF6DF008CE5C7 /* APICaller.swift */; };
		2EA3450C271CF6FF008CE5C7 /* HapticsManager.swift in Sources */ = {isa = PBXBuildFile; fileRef = 2EA3450B271CF6FF008CE5C7 /* HapticsManager.swift */; };
		2EA3450E271CF71A008CE5C7 /* Playlist.swift in Sources */ = {isa = PBXBuildFile; fileRef = 2EA3450D271CF71A008CE5C7 /* Playlist.swift */; };
		2EA34510271CF728008CE5C7 /* AudioTrack.swift in Sources */ = {isa = PBXBuildFile; fileRef = 2EA3450F271CF728008CE5C7 /* AudioTrack.swift */; };
		2EA34512271CF736008CE5C7 /* Artist.swift in Sources */ = {isa = PBXBuildFile; fileRef = 2EA34511271CF736008CE5C7 /* Artist.swift */; };
		2EA34514271CF74E008CE5C7 /* UserProfile.swift in Sources */ = {isa = PBXBuildFile; fileRef = 2EA34513271CF74E008CE5C7 /* UserProfile.swift */; };
		2EA34517271D0480008CE5C7 /* ClientConfig.plist in Resources */ = {isa = PBXBuildFile; fileRef = 2EA34516271D0480008CE5C7 /* ClientConfig.plist */; };
/* End PBXBuildFile section */

/* Begin PBXFileReference section */
		2E07528F271CF169008CC5AB /* Spotify.app */ = {isa = PBXFileReference; explicitFileType = wrapper.application; includeInIndex = 0; path = Spotify.app; sourceTree = BUILT_PRODUCTS_DIR; };
		2E075292271CF169008CC5AB /* AppDelegate.swift */ = {isa = PBXFileReference; lastKnownFileType = sourcecode.swift; path = AppDelegate.swift; sourceTree = "<group>"; };
		2E075294271CF169008CC5AB /* SceneDelegate.swift */ = {isa = PBXFileReference; lastKnownFileType = sourcecode.swift; path = SceneDelegate.swift; sourceTree = "<group>"; };
		2E075296271CF169008CC5AB /* HomeViewController.swift */ = {isa = PBXFileReference; lastKnownFileType = sourcecode.swift; path = HomeViewController.swift; sourceTree = "<group>"; };
		2E07529B271CF16D008CC5AB /* Assets.xcassets */ = {isa = PBXFileReference; lastKnownFileType = folder.assetcatalog; path = Assets.xcassets; sourceTree = "<group>"; };
		2E07529E271CF16D008CC5AB /* Base */ = {isa = PBXFileReference; lastKnownFileType = file.storyboard; name = Base; path = Base.lproj/LaunchScreen.storyboard; sourceTree = "<group>"; };
		2E0752A0271CF16D008CC5AB /* Info.plist */ = {isa = PBXFileReference; lastKnownFileType = text.plist.xml; path = Info.plist; sourceTree = "<group>"; };
		2EA344F0271CF549008CE5C7 /* TabBarViewController.swift */ = {isa = PBXFileReference; lastKnownFileType = sourcecode.swift; path = TabBarViewController.swift; sourceTree = "<group>"; };
		2EA344F2271CF568008CE5C7 /* SearchViewController.swift */ = {isa = PBXFileReference; lastKnownFileType = sourcecode.swift; path = SearchViewController.swift; sourceTree = "<group>"; };
		2EA344F5271CF590008CE5C7 /* LibraryViewController.swift */ = {isa = PBXFileReference; lastKnownFileType = sourcecode.swift; path = LibraryViewController.swift; sourceTree = "<group>"; };
		2EA344F9271CF5D4008CE5C7 /* AuthViewController.swift */ = {isa = PBXFileReference; lastKnownFileType = sourcecode.swift; path = AuthViewController.swift; sourceTree = "<group>"; };
		2EA344FB271CF5EA008CE5C7 /* WelcomeViewController.swift */ = {isa = PBXFileReference; lastKnownFileType = sourcecode.swift; path = WelcomeViewController.swift; sourceTree = "<group>"; };
		2EA344FD271CF608008CE5C7 /* SettingsViewController.swift */ = {isa = PBXFileReference; lastKnownFileType = sourcecode.swift; path = SettingsViewController.swift; sourceTree = "<group>"; };
		2EA344FF271CF61F008CE5C7 /* ProfileViewController.swift */ = {isa = PBXFileReference; lastKnownFileType = sourcecode.swift; path = ProfileViewController.swift; sourceTree = "<group>"; };
		2EA34501271CF629008CE5C7 /* PlayerViewController.swift */ = {isa = PBXFileReference; lastKnownFileType = sourcecode.swift; path = PlayerViewController.swift; sourceTree = "<group>"; };
		2EA34503271CF639008CE5C7 /* PlaylistViewController.swift */ = {isa = PBXFileReference; lastKnownFileType = sourcecode.swift; path = PlaylistViewController.swift; sourceTree = "<group>"; };
		2EA34505271CF65E008CE5C7 /* SearchResultsViewController.swift */ = {isa = PBXFileReference; lastKnownFileType = sourcecode.swift; path = SearchResultsViewController.swift; sourceTree = "<group>"; };
		2EA34507271CF6C9008CE5C7 /* AuthManager.swift */ = {isa = PBXFileReference; lastKnownFileType = sourcecode.swift; path = AuthManager.swift; sourceTree = "<group>"; };
		2EA34509271CF6DF008CE5C7 /* APICaller.swift */ = {isa = PBXFileReference; lastKnownFileType = sourcecode.swift; path = APICaller.swift; sourceTree = "<group>"; };
		2EA3450B271CF6FF008CE5C7 /* HapticsManager.swift */ = {isa = PBXFileReference; lastKnownFileType = sourcecode.swift; path = HapticsManager.swift; sourceTree = "<group>"; };
		2EA3450D271CF71A008CE5C7 /* Playlist.swift */ = {isa = PBXFileReference; lastKnownFileType = sourcecode.swift; path = Playlist.swift; sourceTree = "<group>"; };
		2EA3450F271CF728008CE5C7 /* AudioTrack.swift */ = {isa = PBXFileReference; lastKnownFileType = sourcecode.swift; path = AudioTrack.swift; sourceTree = "<group>"; };
		2EA34511271CF736008CE5C7 /* Artist.swift */ = {isa = PBXFileReference; lastKnownFileType = sourcecode.swift; path = Artist.swift; sourceTree = "<group>"; };
		2EA34513271CF74E008CE5C7 /* UserProfile.swift */ = {isa = PBXFileReference; lastKnownFileType = sourcecode.swift; path = UserProfile.swift; sourceTree = "<group>"; };
		2EA34516271D0480008CE5C7 /* ClientConfig.plist */ = {isa = PBXFileReference; lastKnownFileType = text.plist.xml; path = ClientConfig.plist; sourceTree = "<group>"; };
/* End PBXFileReference section */

/* Begin PBXFrameworksBuildPhase section */
		2E07528C271CF169008CC5AB /* Frameworks */ = {
			isa = PBXFrameworksBuildPhase;
			buildActionMask = 2147483647;
			files = (
			);
			runOnlyForDeploymentPostprocessing = 0;
		};
/* End PBXFrameworksBuildPhase section */

/* Begin PBXGroup section */
		2E075286271CF169008CC5AB = {
			isa = PBXGroup;
			children = (
				2E075291271CF169008CC5AB /* Spotify */,
				2E075290271CF169008CC5AB /* Products */,
			);
			sourceTree = "<group>";
		};
		2E075290271CF169008CC5AB /* Products */ = {
			isa = PBXGroup;
			children = (
				2E07528F271CF169008CC5AB /* Spotify.app */,
			);
			name = Products;
			sourceTree = "<group>";
		};
		2E075291271CF169008CC5AB /* Spotify */ = {
			isa = PBXGroup;
			children = (
				2E0752AB271CF1DD008CC5AB /* Resources */,
				2E0752AA271CF1B8008CC5AB /* Managers */,
				2E0752A9271CF1AA008CC5AB /* ViewModels */,
				2E0752A8271CF1A3008CC5AB /* Models */,
				2E0752A7271CF192008CC5AB /* Views */,
				2E0752A6271CF18A008CC5AB /* Controllers */,
				2E0752A0271CF16D008CC5AB /* Info.plist */,
			);
			path = Spotify;
			sourceTree = "<group>";
		};
		2E0752A6271CF18A008CC5AB /* Controllers */ = {
			isa = PBXGroup;
			children = (
				2EA344F8271CF5B4008CE5C7 /* Other */,
				2EA344F7271CF5A2008CE5C7 /* Core */,
			);
			path = Controllers;
			sourceTree = "<group>";
		};
		2E0752A7271CF192008CC5AB /* Views */ = {
			isa = PBXGroup;
			children = (
				2E07529D271CF16D008CC5AB /* LaunchScreen.storyboard */,
			);
			path = Views;
			sourceTree = "<group>";
		};
		2E0752A8271CF1A3008CC5AB /* Models */ = {
			isa = PBXGroup;
			children = (
				2EA3450D271CF71A008CE5C7 /* Playlist.swift */,
				2EA3450F271CF728008CE5C7 /* AudioTrack.swift */,
				2EA34511271CF736008CE5C7 /* Artist.swift */,
				2EA34513271CF74E008CE5C7 /* UserProfile.swift */,
			);
			path = Models;
			sourceTree = "<group>";
		};
		2E0752A9271CF1AA008CC5AB /* ViewModels */ = {
			isa = PBXGroup;
			children = (
			);
			path = ViewModels;
			sourceTree = "<group>";
		};
		2E0752AA271CF1B8008CC5AB /* Managers */ = {
			isa = PBXGroup;
			children = (
				2EA34507271CF6C9008CE5C7 /* AuthManager.swift */,
				2EA34509271CF6DF008CE5C7 /* APICaller.swift */,
				2EA3450B271CF6FF008CE5C7 /* HapticsManager.swift */,
			);
			path = Managers;
			sourceTree = "<group>";
		};
		2E0752AB271CF1DD008CC5AB /* Resources */ = {
			isa = PBXGroup;
			children = (
				2E07529B271CF16D008CC5AB /* Assets.xcassets */,
				2E075292271CF169008CC5AB /* AppDelegate.swift */,
				2E075294271CF169008CC5AB /* SceneDelegate.swift */,
				2EA34516271D0480008CE5C7 /* ClientConfig.plist */,
			);
			path = Resources;
			sourceTree = "<group>";
		};
		2EA344F7271CF5A2008CE5C7 /* Core */ = {
			isa = PBXGroup;
			children = (
				2EA344F0271CF549008CE5C7 /* TabBarViewController.swift */,
				2E075296271CF169008CC5AB /* HomeViewController.swift */,
				2EA344F2271CF568008CE5C7 /* SearchViewController.swift */,
				2EA344F5271CF590008CE5C7 /* LibraryViewController.swift */,
			);
			path = Core;
			sourceTree = "<group>";
		};
		2EA344F8271CF5B4008CE5C7 /* Other */ = {
			isa = PBXGroup;
			children = (
				2EA344F9271CF5D4008CE5C7 /* AuthViewController.swift */,
				2EA344FB271CF5EA008CE5C7 /* WelcomeViewController.swift */,
				2EA344FD271CF608008CE5C7 /* SettingsViewController.swift */,
				2EA344FF271CF61F008CE5C7 /* ProfileViewController.swift */,
				2EA34501271CF629008CE5C7 /* PlayerViewController.swift */,
				2EA34503271CF639008CE5C7 /* PlaylistViewController.swift */,
				2EA34505271CF65E008CE5C7 /* SearchResultsViewController.swift */,
			);
			path = Other;
			sourceTree = "<group>";
		};
/* End PBXGroup section */

/* Begin PBXNativeTarget section */
		2E07528E271CF169008CC5AB /* Spotify */ = {
			isa = PBXNativeTarget;
			buildConfigurationList = 2E0752A3271CF16D008CC5AB /* Build configuration list for PBXNativeTarget "Spotify" */;
			buildPhases = (
				2E07528B271CF169008CC5AB /* Sources */,
				2E07528C271CF169008CC5AB /* Frameworks */,
				2E07528D271CF169008CC5AB /* Resources */,
			);
			buildRules = (
			);
			dependencies = (
			);
			name = Spotify;
			productName = Spotify;
			productReference = 2E07528F271CF169008CC5AB /* Spotify.app */;
			productType = "com.apple.product-type.application";
		};
/* End PBXNativeTarget section */

/* Begin PBXProject section */
		2E075287271CF169008CC5AB /* Project object */ = {
			isa = PBXProject;
			attributes = {
				BuildIndependentTargetsInParallel = 1;
				LastSwiftUpdateCheck = 1300;
				LastUpgradeCheck = 1300;
				TargetAttributes = {
					2E07528E271CF169008CC5AB = {
						CreatedOnToolsVersion = 13.0;
					};
				};
			};
			buildConfigurationList = 2E07528A271CF169008CC5AB /* Build configuration list for PBXProject "Spotify" */;
			compatibilityVersion = "Xcode 13.0";
			developmentRegion = en;
			hasScannedForEncodings = 0;
			knownRegions = (
				en,
				Base,
			);
			mainGroup = 2E075286271CF169008CC5AB;
			productRefGroup = 2E075290271CF169008CC5AB /* Products */;
			projectDirPath = "";
			projectRoot = "";
			targets = (
				2E07528E271CF169008CC5AB /* Spotify */,
			);
		};
/* End PBXProject section */

/* Begin PBXResourcesBuildPhase section */
		2E07528D271CF169008CC5AB /* Resources */ = {
			isa = PBXResourcesBuildPhase;
			buildActionMask = 2147483647;
			files = (
				2E07529F271CF16D008CC5AB /* LaunchScreen.storyboard in Resources */,
				2EA34517271D0480008CE5C7 /* ClientConfig.plist in Resources */,
				2E07529C271CF16D008CC5AB /* Assets.xcassets in Resources */,
			);
			runOnlyForDeploymentPostprocessing = 0;
		};
/* End PBXResourcesBuildPhase section */

/* Begin PBXSourcesBuildPhase section */
		2E07528B271CF169008CC5AB /* Sources */ = {
			isa = PBXSourcesBuildPhase;
			buildActionMask = 2147483647;
			files = (
				2EA344F3271CF568008CE5C7 /* SearchViewController.swift in Sources */,
				2EA3450E271CF71A008CE5C7 /* Playlist.swift in Sources */,
				2EA34508271CF6C9008CE5C7 /* AuthManager.swift in Sources */,
				2EA34506271CF65E008CE5C7 /* SearchResultsViewController.swift in Sources */,
				2EA344FC271CF5EA008CE5C7 /* WelcomeViewController.swift in Sources */,
				2EA34500271CF61F008CE5C7 /* ProfileViewController.swift in Sources */,
				2EA344F1271CF549008CE5C7 /* TabBarViewController.swift in Sources */,
				2EA3450C271CF6FF008CE5C7 /* HapticsManager.swift in Sources */,
				2EA34510271CF728008CE5C7 /* AudioTrack.swift in Sources */,
				2E075297271CF169008CC5AB /* HomeViewController.swift in Sources */,
				2EA344FA271CF5D4008CE5C7 /* AuthViewController.swift in Sources */,
				2E075293271CF169008CC5AB /* AppDelegate.swift in Sources */,
				2EA34514271CF74E008CE5C7 /* UserProfile.swift in Sources */,
				2EA344F6271CF590008CE5C7 /* LibraryViewController.swift in Sources */,
				2EA34512271CF736008CE5C7 /* Artist.swift in Sources */,
				2EA34504271CF639008CE5C7 /* PlaylistViewController.swift in Sources */,
				2E075295271CF169008CC5AB /* SceneDelegate.swift in Sources */,
				2EA34502271CF629008CE5C7 /* PlayerViewController.swift in Sources */,
				2EA3450A271CF6DF008CE5C7 /* APICaller.swift in Sources */,
				2EA344FE271CF608008CE5C7 /* SettingsViewController.swift in Sources */,
			);
			runOnlyForDeploymentPostprocessing = 0;
		};
/* End PBXSourcesBuildPhase section */

/* Begin PBXVariantGroup section */
		2E07529D271CF16D008CC5AB /* LaunchScreen.storyboard */ = {
			isa = PBXVariantGroup;
			children = (
				2E07529E271CF16D008CC5AB /* Base */,
			);
			name = LaunchScreen.storyboard;
			sourceTree = "<group>";
		};
/* End PBXVariantGroup section */

/* Begin XCBuildConfiguration section */
		2E0752A1271CF16D008CC5AB /* Debug */ = {
			isa = XCBuildConfiguration;
			buildSettings = {
				ALWAYS_SEARCH_USER_PATHS = NO;
				CLANG_ANALYZER_NONNULL = YES;
				CLANG_ANALYZER_NUMBER_OBJECT_CONVERSION = YES_AGGRESSIVE;
				CLANG_CXX_LANGUAGE_STANDARD = "gnu++17";
				CLANG_CXX_LIBRARY = "libc++";
				CLANG_ENABLE_MODULES = YES;
				CLANG_ENABLE_OBJC_ARC = YES;
				CLANG_ENABLE_OBJC_WEAK = YES;
				CLANG_WARN_BLOCK_CAPTURE_AUTORELEASING = YES;
				CLANG_WARN_BOOL_CONVERSION = YES;
				CLANG_WARN_COMMA = YES;
				CLANG_WARN_CONSTANT_CONVERSION = YES;
				CLANG_WARN_DEPRECATED_OBJC_IMPLEMENTATIONS = YES;
				CLANG_WARN_DIRECT_OBJC_ISA_USAGE = YES_ERROR;
				CLANG_WARN_DOCUMENTATION_COMMENTS = YES;
				CLANG_WARN_EMPTY_BODY = YES;
				CLANG_WARN_ENUM_CONVERSION = YES;
				CLANG_WARN_INFINITE_RECURSION = YES;
				CLANG_WARN_INT_CONVERSION = YES;
				CLANG_WARN_NON_LITERAL_NULL_CONVERSION = YES;
				CLANG_WARN_OBJC_IMPLICIT_RETAIN_SELF = YES;
				CLANG_WARN_OBJC_LITERAL_CONVERSION = YES;
				CLANG_WARN_OBJC_ROOT_CLASS = YES_ERROR;
				CLANG_WARN_QUOTED_INCLUDE_IN_FRAMEWORK_HEADER = YES;
				CLANG_WARN_RANGE_LOOP_ANALYSIS = YES;
				CLANG_WARN_STRICT_PROTOTYPES = YES;
				CLANG_WARN_SUSPICIOUS_MOVE = YES;
				CLANG_WARN_UNGUARDED_AVAILABILITY = YES_AGGRESSIVE;
				CLANG_WARN_UNREACHABLE_CODE = YES;
				CLANG_WARN__DUPLICATE_METHOD_MATCH = YES;
				COPY_PHASE_STRIP = NO;
				DEBUG_INFORMATION_FORMAT = dwarf;
				ENABLE_STRICT_OBJC_MSGSEND = YES;
				ENABLE_TESTABILITY = YES;
				GCC_C_LANGUAGE_STANDARD = gnu11;
				GCC_DYNAMIC_NO_PIC = NO;
				GCC_NO_COMMON_BLOCKS = YES;
				GCC_OPTIMIZATION_LEVEL = 0;
				GCC_PREPROCESSOR_DEFINITIONS = (
					"DEBUG=1",
					"$(inherited)",
				);
				GCC_WARN_64_TO_32_BIT_CONVERSION = YES;
				GCC_WARN_ABOUT_RETURN_TYPE = YES_ERROR;
				GCC_WARN_UNDECLARED_SELECTOR = YES;
				GCC_WARN_UNINITIALIZED_AUTOS = YES_AGGRESSIVE;
				GCC_WARN_UNUSED_FUNCTION = YES;
				GCC_WARN_UNUSED_VARIABLE = YES;
				IPHONEOS_DEPLOYMENT_TARGET = 15.0;
				MTL_ENABLE_DEBUG_INFO = INCLUDE_SOURCE;
				MTL_FAST_MATH = YES;
				ONLY_ACTIVE_ARCH = YES;
				SDKROOT = iphoneos;
				SWIFT_ACTIVE_COMPILATION_CONDITIONS = DEBUG;
				SWIFT_OPTIMIZATION_LEVEL = "-Onone";
			};
			name = Debug;
		};
		2E0752A2271CF16D008CC5AB /* Release */ = {
			isa = XCBuildConfiguration;
			buildSettings = {
				ALWAYS_SEARCH_USER_PATHS = NO;
				CLANG_ANALYZER_NONNULL = YES;
				CLANG_ANALYZER_NUMBER_OBJECT_CONVERSION = YES_AGGRESSIVE;
				CLANG_CXX_LANGUAGE_STANDARD = "gnu++17";
				CLANG_CXX_LIBRARY = "libc++";
				CLANG_ENABLE_MODULES = YES;
				CLANG_ENABLE_OBJC_ARC = YES;
				CLANG_ENABLE_OBJC_WEAK = YES;
				CLANG_WARN_BLOCK_CAPTURE_AUTORELEASING = YES;
				CLANG_WARN_BOOL_CONVERSION = YES;
				CLANG_WARN_COMMA = YES;
				CLANG_WARN_CONSTANT_CONVERSION = YES;
				CLANG_WARN_DEPRECATED_OBJC_IMPLEMENTATIONS = YES;
				CLANG_WARN_DIRECT_OBJC_ISA_USAGE = YES_ERROR;
				CLANG_WARN_DOCUMENTATION_COMMENTS = YES;
				CLANG_WARN_EMPTY_BODY = YES;
				CLANG_WARN_ENUM_CONVERSION = YES;
				CLANG_WARN_INFINITE_RECURSION = YES;
				CLANG_WARN_INT_CONVERSION = YES;
				CLANG_WARN_NON_LITERAL_NULL_CONVERSION = YES;
				CLANG_WARN_OBJC_IMPLICIT_RETAIN_SELF = YES;
				CLANG_WARN_OBJC_LITERAL_CONVERSION = YES;
				CLANG_WARN_OBJC_ROOT_CLASS = YES_ERROR;
				CLANG_WARN_QUOTED_INCLUDE_IN_FRAMEWORK_HEADER = YES;
				CLANG_WARN_RANGE_LOOP_ANALYSIS = YES;
				CLANG_WARN_STRICT_PROTOTYPES = YES;
				CLANG_WARN_SUSPICIOUS_MOVE = YES;
				CLANG_WARN_UNGUARDED_AVAILABILITY = YES_AGGRESSIVE;
				CLANG_WARN_UNREACHABLE_CODE = YES;
				CLANG_WARN__DUPLICATE_METHOD_MATCH = YES;
				COPY_PHASE_STRIP = NO;
				DEBUG_INFORMATION_FORMAT = "dwarf-with-dsym";
				ENABLE_NS_ASSERTIONS = NO;
				ENABLE_STRICT_OBJC_MSGSEND = YES;
				GCC_C_LANGUAGE_STANDARD = gnu11;
				GCC_NO_COMMON_BLOCKS = YES;
				GCC_WARN_64_TO_32_BIT_CONVERSION = YES;
				GCC_WARN_ABOUT_RETURN_TYPE = YES_ERROR;
				GCC_WARN_UNDECLARED_SELECTOR = YES;
				GCC_WARN_UNINITIALIZED_AUTOS = YES_AGGRESSIVE;
				GCC_WARN_UNUSED_FUNCTION = YES;
				GCC_WARN_UNUSED_VARIABLE = YES;
				IPHONEOS_DEPLOYMENT_TARGET = 15.0;
				MTL_ENABLE_DEBUG_INFO = NO;
				MTL_FAST_MATH = YES;
				SDKROOT = iphoneos;
				SWIFT_COMPILATION_MODE = wholemodule;
				SWIFT_OPTIMIZATION_LEVEL = "-O";
				VALIDATE_PRODUCT = YES;
			};
			name = Release;
		};
		2E0752A4271CF16D008CC5AB /* Debug */ = {
			isa = XCBuildConfiguration;
			buildSettings = {
				ASSETCATALOG_COMPILER_APPICON_NAME = AppIcon;
				ASSETCATALOG_COMPILER_GLOBAL_ACCENT_COLOR_NAME = AccentColor;
				CODE_SIGN_STYLE = Automatic;
				CURRENT_PROJECT_VERSION = 1;
				DEVELOPMENT_TEAM = 5D4XSRW8W7;
				GENERATE_INFOPLIST_FILE = YES;
				INFOPLIST_FILE = Spotify/Info.plist;
				INFOPLIST_KEY_UIApplicationSupportsIndirectInputEvents = YES;
				INFOPLIST_KEY_UILaunchStoryboardName = LaunchScreen;
				INFOPLIST_KEY_UISupportedInterfaceOrientations_iPad = "UIInterfaceOrientationPortrait UIInterfaceOrientationPortraitUpsideDown UIInterfaceOrientationLandscapeLeft UIInterfaceOrientationLandscapeRight";
				INFOPLIST_KEY_UISupportedInterfaceOrientations_iPhone = "UIInterfaceOrientationPortrait UIInterfaceOrientationLandscapeLeft UIInterfaceOrientationLandscapeRight";
				LD_RUNPATH_SEARCH_PATHS = (
					"$(inherited)",
					"@executable_path/Frameworks",
				);
				MARKETING_VERSION = 1.0;
				PRODUCT_BUNDLE_IDENTIFIER = com.tnasuh.Spotify;
				PRODUCT_NAME = "$(TARGET_NAME)";
				SWIFT_EMIT_LOC_STRINGS = YES;
				SWIFT_VERSION = 5.0;
				TARGETED_DEVICE_FAMILY = "1,2";
			};
			name = Debug;
		};
		2E0752A5271CF16D008CC5AB /* Release */ = {
			isa = XCBuildConfiguration;
			buildSettings = {
				ASSETCATALOG_COMPILER_APPICON_NAME = AppIcon;
				ASSETCATALOG_COMPILER_GLOBAL_ACCENT_COLOR_NAME = AccentColor;
				CODE_SIGN_STYLE = Automatic;
				CURRENT_PROJECT_VERSION = 1;
				DEVELOPMENT_TEAM = 5D4XSRW8W7;
				GENERATE_INFOPLIST_FILE = YES;
				INFOPLIST_FILE = Spotify/Info.plist;
				INFOPLIST_KEY_UIApplicationSupportsIndirectInputEvents = YES;
				INFOPLIST_KEY_UILaunchStoryboardName = LaunchScreen;
				INFOPLIST_KEY_UISupportedInterfaceOrientations_iPad = "UIInterfaceOrientationPortrait UIInterfaceOrientationPortraitUpsideDown UIInterfaceOrientationLandscapeLeft UIInterfaceOrientationLandscapeRight";
				INFOPLIST_KEY_UISupportedInterfaceOrientations_iPhone = "UIInterfaceOrientationPortrait UIInterfaceOrientationLandscapeLeft UIInterfaceOrientationLandscapeRight";
				LD_RUNPATH_SEARCH_PATHS = (
					"$(inherited)",
					"@executable_path/Frameworks",
				);
				MARKETING_VERSION = 1.0;
				PRODUCT_BUNDLE_IDENTIFIER = com.tnasuh.Spotify;
				PRODUCT_NAME = "$(TARGET_NAME)";
				SWIFT_EMIT_LOC_STRINGS = YES;
				SWIFT_VERSION = 5.0;
				TARGETED_DEVICE_FAMILY = "1,2";
			};
			name = Release;
		};
/* End XCBuildConfiguration section */

/* Begin XCConfigurationList section */
		2E07528A271CF169008CC5AB /* Build configuration list for PBXProject "Spotify" */ = {
			isa = XCConfigurationList;
			buildConfigurations = (
				2E0752A1271CF16D008CC5AB /* Debug */,
				2E0752A2271CF16D008CC5AB /* Release */,
			);
			defaultConfigurationIsVisible = 0;
			defaultConfigurationName = Release;
		};
		2E0752A3271CF16D008CC5AB /* Build configuration list for PBXNativeTarget "Spotify" */ = {
			isa = XCConfigurationList;
			buildConfigurations = (
				2E0752A4271CF16D008CC5AB /* Debug */,
				2E0752A5271CF16D008CC5AB /* Release */,
			);
			defaultConfigurationIsVisible = 0;
			defaultConfigurationName = Release;
		};
/* End XCConfigurationList section */
	};
	rootObject = 2E075287271CF169008CC5AB /* Project object */;
}
